
Microsoft Visual Studio Solution File, Format Version 12.00
# Visual Studio Version 16
VisualStudioVersion = 16.0.32228.343
MinimumVisualStudioVersion = 10.0.40219.1
Project("{FAE04EC0-301F-11D3-BF4B-00C04F79EFBC}") = "PrintProcess", "PrintProcess\PrintProcess.csproj", "{208888BF-5013-409B-B8FA-A0EE960832F0}"
EndProject
Global
	GlobalSection(SolutionConfigurationPlatforms) = preSolution
		Debug|Any CPU = Debug|Any CPU
		Release|Any CPU = Release|Any CPU
	EndGlobalSection
	GlobalSection(ProjectConfigurationPlatforms) = postSolution
		{208888BF-5013-409B-B8FA-A0EE960832F0}.Debug|Any CPU.ActiveCfg = Debug|Any CPU
		{208888BF-5013-409B-B8FA-A0EE960832F0}.Debug|Any CPU.Build.0 = Debug|Any CPU
		{208888BF-5013-409B-B8FA-A0EE960832F0}.Release|Any CPU.ActiveCfg = Release|Any CPU
		{208888BF-5013-409B-B8FA-A0EE960832F0}.Release|Any CPU.Build.0 = Release|Any CPU
	EndGlobalSection
	GlobalSection(SolutionProperties) = preSolution
		HideSolutionNode = FALSE
	EndGlobalSection
	GlobalSection(ExtensibilityGlobals) = postSolution
		SolutionGuid = {A7FB1159-96B4-40C7-9FFA-49CAF7EFE0DF}
	EndGlobalSection
EndGlobal
